
Microsoft Visual Studio Solution File, Format Version 12.00
# Visual Studio 14
VisualStudioVersion = 14.0.25420.1
MinimumVisualStudioVersion = 10.0.40219.1
Project("{2150E333-8FDC-42A3-9474-1A3956D46DE8}") = "jstl", "jstl", "{55085524-66B0-4E2A-9F39-1DAAFEF1620B}"
EndProject
Project("{2150E333-8FDC-42A3-9474-1A3956D46DE8}") = "concurrency", "concurrency", "{39346FCF-DCF5-48CF-8D2F-67997464D97F}"
	ProjectSection(SolutionItems) = preProject
		lib\concurrency\conveyor.h = lib\concurrency\conveyor.h
		lib\concurrency\conveyor_function.h = lib\concurrency\conveyor_function.h
	EndProjectSection
EndProject
Project("{8BC9CEB8-8B4A-11D0-8D11-00A0C91BC942}") = "TestHost", "TestHost\TestHost.vcxproj", "{07DC013D-00DA-460C-8022-A23F1EF80A0F}"
EndProject
Project("{2150E333-8FDC-42A3-9474-1A3956D46DE8}") = "internal", "internal", "{AC3DBC88-2EB4-4AE2-9F8C-2943F5F342BA}"
	ProjectSection(SolutionItems) = preProject
		lib\concurrency\internal\conveyor.h = lib\concurrency\internal\conveyor.h
		lib\concurrency\internal\conveyor_assertions.h = lib\concurrency\internal\conveyor_assertions.h
		lib\concurrency\internal\conveyor_forwarder.h = lib\concurrency\internal\conveyor_forwarder.h
		lib\concurrency\internal\conveyor_traits.h = lib\concurrency\internal\conveyor_traits.h
	EndProjectSection
EndProject
Project("{2150E333-8FDC-42A3-9474-1A3956D46DE8}") = "type_traits", "type_traits", "{0BAD18CB-1FF2-4CD7-AF44-52D4FA61BA12}"
	ProjectSection(SolutionItems) = preProject
		lib\type_traits\function_traits.h = lib\type_traits\function_traits.h
	EndProjectSection
EndProject
Global
	GlobalSection(SolutionConfigurationPlatforms) = preSolution
		Debug|x64 = Debug|x64
		Debug|x86 = Debug|x86
		Release|x64 = Release|x64
		Release|x86 = Release|x86
	EndGlobalSection
	GlobalSection(ProjectConfigurationPlatforms) = postSolution
		{07DC013D-00DA-460C-8022-A23F1EF80A0F}.Debug|x64.ActiveCfg = Debug|x64
		{07DC013D-00DA-460C-8022-A23F1EF80A0F}.Debug|x64.Build.0 = Debug|x64
		{07DC013D-00DA-460C-8022-A23F1EF80A0F}.Debug|x86.ActiveCfg = Debug|Win32
		{07DC013D-00DA-460C-8022-A23F1EF80A0F}.Debug|x86.Build.0 = Debug|Win32
		{07DC013D-00DA-460C-8022-A23F1EF80A0F}.Release|x64.ActiveCfg = Release|x64
		{07DC013D-00DA-460C-8022-A23F1EF80A0F}.Release|x64.Build.0 = Release|x64
		{07DC013D-00DA-460C-8022-A23F1EF80A0F}.Release|x86.ActiveCfg = Release|Win32
		{07DC013D-00DA-460C-8022-A23F1EF80A0F}.Release|x86.Build.0 = Release|Win32
	EndGlobalSection
	GlobalSection(SolutionProperties) = preSolution
		HideSolutionNode = FALSE
	EndGlobalSection
	GlobalSection(NestedProjects) = preSolution
		{39346FCF-DCF5-48CF-8D2F-67997464D97F} = {55085524-66B0-4E2A-9F39-1DAAFEF1620B}
		{AC3DBC88-2EB4-4AE2-9F8C-2943F5F342BA} = {39346FCF-DCF5-48CF-8D2F-67997464D97F}
		{0BAD18CB-1FF2-4CD7-AF44-52D4FA61BA12} = {55085524-66B0-4E2A-9F39-1DAAFEF1620B}
	EndGlobalSection
EndGlobal
