// !$*UTF8*$!
{
	archiveVersion = 1;
	classes = {
	};
	objectVersion = 46;
	objects = {

/* Begin PBXBuildFile section */
		758A238F14CAAE7E4742D2EA /* PerformanceCounter.cpp in Sources */ = {isa = PBXBuildFile; fileRef = 758A21B5E307A0A84749F482 /* PerformanceCounter.cpp */; };
		758A2945A0E36FB9F19B8E96 /* ConveyorFunctionTestCase.cpp in Sources */ = {isa = PBXBuildFile; fileRef = 758A2DDFBFA4064DF53C6A34 /* ConveyorFunctionTestCase.cpp */; };
		7D2ECDE61F658C430020DB0B /* ConveyorTestCase.cpp in Sources */ = {isa = PBXBuildFile; fileRef = 7D2ECDE21F658C430020DB0B /* ConveyorTestCase.cpp */; };
		7D2ECDE71F658C430020DB0B /* main.cpp in Sources */ = {isa = PBXBuildFile; fileRef = 7D2ECDE31F658C430020DB0B /* main.cpp */; };
		7D2ECDEB1F658D790020DB0B /* libgmock.a in Frameworks */ = {isa = PBXBuildFile; fileRef = 7D2ECDE91F658D790020DB0B /* libgmock.a */; };
		7D2ECDEC1F658D790020DB0B /* libgtest.a in Frameworks */ = {isa = PBXBuildFile; fileRef = 7D2ECDEA1F658D790020DB0B /* libgtest.a */; };
/* End PBXBuildFile section */

/* Begin PBXCopyFilesBuildPhase section */
		7DAE29851F633BD300F6D81D /* CopyFiles */ = {
			isa = PBXCopyFilesBuildPhase;
			buildActionMask = 2147483647;
			dstPath = /usr/share/man/man1/;
			dstSubfolderSpec = 0;
			files = (
			);
			runOnlyForDeploymentPostprocessing = 1;
		};
/* End PBXCopyFilesBuildPhase section */

/* Begin PBXFileReference section */
		758A2099B3417447570E4E09 /* PerformanceCounter.h */ = {isa = PBXFileReference; fileEncoding = 4; lastKnownFileType = sourcecode.c.h; path = PerformanceCounter.h; sourceTree = "<group>"; };
		758A21B5E307A0A84749F482 /* PerformanceCounter.cpp */ = {isa = PBXFileReference; fileEncoding = 4; lastKnownFileType = sourcecode.cpp.cpp; path = PerformanceCounter.cpp; sourceTree = "<group>"; };
		758A2DDFBFA4064DF53C6A34 /* ConveyorFunctionTestCase.cpp */ = {isa = PBXFileReference; fileEncoding = 4; lastKnownFileType = sourcecode.cpp.cpp; path = ConveyorFunctionTestCase.cpp; sourceTree = "<group>"; };
		7D2ECDE21F658C430020DB0B /* ConveyorTestCase.cpp */ = {isa = PBXFileReference; fileEncoding = 4; lastKnownFileType = sourcecode.cpp.cpp; path = ConveyorTestCase.cpp; sourceTree = "<group>"; };
		7D2ECDE31F658C430020DB0B /* main.cpp */ = {isa = PBXFileReference; fileEncoding = 4; lastKnownFileType = sourcecode.cpp.cpp; path = main.cpp; sourceTree = "<group>"; };
		7D2ECDE91F658D790020DB0B /* libgmock.a */ = {isa = PBXFileReference; lastKnownFileType = archive.ar; name = libgmock.a; path = ../lib/xcode/libgmock.a; sourceTree = "<group>"; };
		7D2ECDEA1F658D790020DB0B /* libgtest.a */ = {isa = PBXFileReference; lastKnownFileType = archive.ar; name = libgtest.a; path = ../lib/xcode/libgtest.a; sourceTree = "<group>"; };
		7DAE29871F633BD300F6D81D /* TestHost */ = {isa = PBXFileReference; explicitFileType = "compiled.mach-o.executable"; includeInIndex = 0; path = TestHost; sourceTree = BUILT_PRODUCTS_DIR; };
/* End PBXFileReference section */

/* Begin PBXFrameworksBuildPhase section */
		7DAE29841F633BD300F6D81D /* Frameworks */ = {
			isa = PBXFrameworksBuildPhase;
			buildActionMask = 2147483647;
			files = (
				7D2ECDEB1F658D790020DB0B /* libgmock.a in Frameworks */,
				7D2ECDEC1F658D790020DB0B /* libgtest.a in Frameworks */,
			);
			runOnlyForDeploymentPostprocessing = 0;
		};
/* End PBXFrameworksBuildPhase section */

/* Begin PBXGroup section */
		7D2ECDE11F658C430020DB0B /* Source */ = {
			isa = PBXGroup;
			children = (
				7D2ECDE21F658C430020DB0B /* ConveyorTestCase.cpp */,
				7D2ECDE31F658C430020DB0B /* main.cpp */,
				758A21B5E307A0A84749F482 /* PerformanceCounter.cpp */,
				758A2099B3417447570E4E09 /* PerformanceCounter.h */,
				758A2DDFBFA4064DF53C6A34 /* ConveyorFunctionTestCase.cpp */,
			);
			name = Source;
			path = ../Source;
			sourceTree = "<group>";
		};
		7D7EC4671F634E35005CE678 /* Frameworks */ = {
			isa = PBXGroup;
			children = (
				7D2ECDE91F658D790020DB0B /* libgmock.a */,
				7D2ECDEA1F658D790020DB0B /* libgtest.a */,
			);
			name = Frameworks;
			sourceTree = "<group>";
		};
		7DAE297E1F633BD300F6D81D = {
			isa = PBXGroup;
			children = (
				7D2ECDE11F658C430020DB0B /* Source */,
				7D7EC4671F634E35005CE678 /* Frameworks */,
				7DAE29881F633BD300F6D81D /* Products */,
			);
			sourceTree = "<group>";
		};
		7DAE29881F633BD300F6D81D /* Products */ = {
			isa = PBXGroup;
			children = (
				7DAE29871F633BD300F6D81D /* TestHost */,
			);
			name = Products;
			sourceTree = "<group>";
		};
/* End PBXGroup section */

/* Begin PBXNativeTarget section */
		7DAE29861F633BD300F6D81D /* TestHost */ = {
			isa = PBXNativeTarget;
			buildConfigurationList = 7DAE298E1F633BD300F6D81D /* Build configuration list for PBXNativeTarget "TestHost" */;
			buildPhases = (
				7DAE29831F633BD300F6D81D /* Sources */,
				7DAE29841F633BD300F6D81D /* Frameworks */,
				7DAE29851F633BD300F6D81D /* CopyFiles */,
			);
			buildRules = (
			);
			dependencies = (
			);
			name = TestHost;
			productName = TestHost;
			productReference = 7DAE29871F633BD300F6D81D /* TestHost */;
			productType = "com.apple.product-type.tool";
		};
/* End PBXNativeTarget section */

/* Begin PBXProject section */
		7DAE297F1F633BD300F6D81D /* Project object */ = {
			isa = PBXProject;
			attributes = {
				LastUpgradeCheck = 0730;
				ORGANIZATIONNAME = "Jan Schwers";
				TargetAttributes = {
					7DAE29861F633BD300F6D81D = {
						CreatedOnToolsVersion = 7.3.1;
					};
				};
			};
			buildConfigurationList = 7DAE29821F633BD300F6D81D /* Build configuration list for PBXProject "TestHost" */;
			compatibilityVersion = "Xcode 3.2";
			developmentRegion = English;
			hasScannedForEncodings = 0;
			knownRegions = (
				en,
			);
			mainGroup = 7DAE297E1F633BD300F6D81D;
			productRefGroup = 7DAE29881F633BD300F6D81D /* Products */;
			projectDirPath = "";
			projectRoot = "";
			targets = (
				7DAE29861F633BD300F6D81D /* TestHost */,
			);
		};
/* End PBXProject section */

/* Begin PBXSourcesBuildPhase section */
		7DAE29831F633BD300F6D81D /* Sources */ = {
			isa = PBXSourcesBuildPhase;
			buildActionMask = 2147483647;
			files = (
				7D2ECDE71F658C430020DB0B /* main.cpp in Sources */,
				7D2ECDE61F658C430020DB0B /* ConveyorTestCase.cpp in Sources */,
				758A238F14CAAE7E4742D2EA /* PerformanceCounter.cpp in Sources */,
				758A2945A0E36FB9F19B8E96 /* ConveyorFunctionTestCase.cpp in Sources */,
			);
			runOnlyForDeploymentPostprocessing = 0;
		};
/* End PBXSourcesBuildPhase section */

/* Begin XCBuildConfiguration section */
		7DAE298C1F633BD300F6D81D /* Debug */ = {
			isa = XCBuildConfiguration;
			buildSettings = {
				ALWAYS_SEARCH_USER_PATHS = NO;
				CLANG_ANALYZER_NONNULL = YES;
				CLANG_CXX_LANGUAGE_STANDARD = "c++14";
				CLANG_CXX_LIBRARY = "libc++";
				CLANG_ENABLE_MODULES = YES;
				CLANG_ENABLE_OBJC_ARC = YES;
				CLANG_WARN_BOOL_CONVERSION = YES;
				CLANG_WARN_CONSTANT_CONVERSION = YES;
				CLANG_WARN_DIRECT_OBJC_ISA_USAGE = YES_ERROR;
				CLANG_WARN_EMPTY_BODY = YES;
				CLANG_WARN_ENUM_CONVERSION = YES;
				CLANG_WARN_INT_CONVERSION = YES;
				CLANG_WARN_OBJC_ROOT_CLASS = YES_ERROR;
				CLANG_WARN_UNREACHABLE_CODE = YES;
				CLANG_WARN__DUPLICATE_METHOD_MATCH = YES;
				CODE_SIGN_IDENTITY = "-";
				COPY_PHASE_STRIP = NO;
				DEBUG_INFORMATION_FORMAT = dwarf;
				ENABLE_STRICT_OBJC_MSGSEND = YES;
				ENABLE_TESTABILITY = YES;
				GCC_C_LANGUAGE_STANDARD = gnu99;
				GCC_DYNAMIC_NO_PIC = NO;
				GCC_NO_COMMON_BLOCKS = YES;
				GCC_OPTIMIZATION_LEVEL = 0;
				GCC_PREPROCESSOR_DEFINITIONS = (
					"DEBUG=1",
					"$(inherited)",
				);
				GCC_WARN_64_TO_32_BIT_CONVERSION = YES;
				GCC_WARN_ABOUT_RETURN_TYPE = YES_ERROR;
				GCC_WARN_UNDECLARED_SELECTOR = YES;
				GCC_WARN_UNINITIALIZED_AUTOS = YES_AGGRESSIVE;
				GCC_WARN_UNUSED_FUNCTION = YES;
				GCC_WARN_UNUSED_VARIABLE = YES;
				MACOSX_DEPLOYMENT_TARGET = 10.10;
				MTL_ENABLE_DEBUG_INFO = YES;
				ONLY_ACTIVE_ARCH = YES;
				SDKROOT = macosx;
				STRIP_INSTALLED_PRODUCT = NO;
			};
			name = Debug;
		};
		7DAE298D1F633BD300F6D81D /* Release */ = {
			isa = XCBuildConfiguration;
			buildSettings = {
				ALWAYS_SEARCH_USER_PATHS = NO;
				CLANG_ANALYZER_NONNULL = YES;
				CLANG_CXX_LANGUAGE_STANDARD = "c++14";
				CLANG_CXX_LIBRARY = "libc++";
				CLANG_ENABLE_MODULES = YES;
				CLANG_ENABLE_OBJC_ARC = YES;
				CLANG_WARN_BOOL_CONVERSION = YES;
				CLANG_WARN_CONSTANT_CONVERSION = YES;
				CLANG_WARN_DIRECT_OBJC_ISA_USAGE = YES_ERROR;
				CLANG_WARN_EMPTY_BODY = YES;
				CLANG_WARN_ENUM_CONVERSION = YES;
				CLANG_WARN_INT_CONVERSION = YES;
				CLANG_WARN_OBJC_ROOT_CLASS = YES_ERROR;
				CLANG_WARN_UNREACHABLE_CODE = YES;
				CLANG_WARN__DUPLICATE_METHOD_MATCH = YES;
				CODE_SIGN_IDENTITY = "-";
				COPY_PHASE_STRIP = YES;
				DEBUG_INFORMATION_FORMAT = "dwarf-with-dsym";
				ENABLE_NS_ASSERTIONS = NO;
				ENABLE_STRICT_OBJC_MSGSEND = YES;
				GCC_C_LANGUAGE_STANDARD = gnu99;
				GCC_NO_COMMON_BLOCKS = YES;
				GCC_WARN_64_TO_32_BIT_CONVERSION = YES;
				GCC_WARN_ABOUT_RETURN_TYPE = YES_ERROR;
				GCC_WARN_UNDECLARED_SELECTOR = YES;
				GCC_WARN_UNINITIALIZED_AUTOS = YES_AGGRESSIVE;
				GCC_WARN_UNUSED_FUNCTION = YES;
				GCC_WARN_UNUSED_VARIABLE = YES;
				MACOSX_DEPLOYMENT_TARGET = 10.10;
				MTL_ENABLE_DEBUG_INFO = NO;
				SDKROOT = macosx;
				STRIP_INSTALLED_PRODUCT = YES;
			};
			name = Release;
		};
		7DAE298F1F633BD300F6D81D /* Debug */ = {
			isa = XCBuildConfiguration;
			buildSettings = {
				CONFIGURATION_BUILD_DIR = "$(PROJECT_DIR)/../../bin/xcode/$(CONFIGURATION)";
				HEADER_SEARCH_PATHS = (
					"\"$(SRCROOT)/../inc\"",
					"\"$(SRCROOT)/../../lib\"",
				);
				LIBRARY_SEARCH_PATHS = "\"$(SRCROOT)/../lib/xcode\"";
				PRODUCT_NAME = "$(TARGET_NAME)";
				SCAN_ALL_SOURCE_FILES_FOR_INCLUDES = YES;
				SYMROOT = build;
			};
			name = Debug;
		};
		7DAE29901F633BD300F6D81D /* Release */ = {
			isa = XCBuildConfiguration;
			buildSettings = {
				CONFIGURATION_BUILD_DIR = "$(PROJECT_DIR)/../../bin/xcode/$(CONFIGURATION)";
				HEADER_SEARCH_PATHS = (
					"\"$(SRCROOT)/../inc\"",
					"\"$(SRCROOT)/../../lib\"",
				);
				LIBRARY_SEARCH_PATHS = "\"$(SRCROOT)/../lib/xcode\"";
				ONLY_ACTIVE_ARCH = YES;
				PRODUCT_NAME = "$(TARGET_NAME)";
				SCAN_ALL_SOURCE_FILES_FOR_INCLUDES = YES;
				SYMROOT = build;
			};
			name = Release;
		};
/* End XCBuildConfiguration section */

/* Begin XCConfigurationList section */
		7DAE29821F633BD300F6D81D /* Build configuration list for PBXProject "TestHost" */ = {
			isa = XCConfigurationList;
			buildConfigurations = (
				7DAE298C1F633BD300F6D81D /* Debug */,
				7DAE298D1F633BD300F6D81D /* Release */,
			);
			defaultConfigurationIsVisible = 0;
			defaultConfigurationName = Release;
		};
		7DAE298E1F633BD300F6D81D /* Build configuration list for PBXNativeTarget "TestHost" */ = {
			isa = XCConfigurationList;
			buildConfigurations = (
				7DAE298F1F633BD300F6D81D /* Debug */,
				7DAE29901F633BD300F6D81D /* Release */,
			);
			defaultConfigurationIsVisible = 0;
			defaultConfigurationName = Release;
		};
/* End XCConfigurationList section */
	};
	rootObject = 7DAE297F1F633BD300F6D81D /* Project object */;
}
