// !$*UTF8*$!
{
	archiveVersion = 1;
	classes = {
	};
	objectVersion = 46;
	objects = {

/* Begin PBXFileReference section */
		758A26E28C33CF98F13522B5 /* conveyor_assertions.h */ = {isa = PBXFileReference; fileEncoding = 4; lastKnownFileType = sourcecode.c.h; path = conveyor_assertions.h; sourceTree = "<group>"; };
		758A2B38540C3A2AF9455879 /* function_traits.h */ = {isa = PBXFileReference; fileEncoding = 4; lastKnownFileType = sourcecode.c.h; path = function_traits.h; sourceTree = "<group>"; };
		758A2D1983305FF83DC2D242 /* conveyor_forwarder.h */ = {isa = PBXFileReference; fileEncoding = 4; lastKnownFileType = sourcecode.c.h; path = conveyor_forwarder.h; sourceTree = "<group>"; };
		758A2E03C4B267A9DDA474D1 /* conveyor_traits.h */ = {isa = PBXFileReference; fileEncoding = 4; lastKnownFileType = sourcecode.c.h; path = conveyor_traits.h; sourceTree = "<group>"; };
		758A2FD982D31DD58A7C8857 /* conveyor_function.h */ = {isa = PBXFileReference; fileEncoding = 4; lastKnownFileType = sourcecode.c.h; path = conveyor_function.h; sourceTree = "<group>"; };
		7D06AAD61F688DDE0010A12B /* conveyor.h */ = {isa = PBXFileReference; explicitFileType = sourcecode.cpp.h; path = conveyor.h; sourceTree = "<group>"; };
		7DEB44BE1F770FD900BDAAC9 /* conveyor.h */ = {isa = PBXFileReference; lastKnownFileType = sourcecode.c.h; path = conveyor.h; sourceTree = "<group>"; };
/* End PBXFileReference section */

/* Begin PBXGroup section */
		758A24BDFB9238F590AEE564 /* type_traits */ = {
			isa = PBXGroup;
			children = (
				758A2B38540C3A2AF9455879 /* function_traits.h */,
			);
			name = type_traits;
			path = ../../lib/type_traits;
			sourceTree = "<group>";
		};
		758A2D87C91DEB591F9FC8E1 /* internal */ = {
			isa = PBXGroup;
			children = (
				7DEB44BE1F770FD900BDAAC9 /* conveyor.h */,
				758A2E03C4B267A9DDA474D1 /* conveyor_traits.h */,
				758A2D1983305FF83DC2D242 /* conveyor_forwarder.h */,
				758A26E28C33CF98F13522B5 /* conveyor_assertions.h */,
			);
			path = internal;
			sourceTree = "<group>";
		};
		7D06AACF1F688DD10010A12B = {
			isa = PBXGroup;
			children = (
				7D06AAD71F688DDE0010A12B /* concurrency */,
				758A24BDFB9238F590AEE564 /* type_traits */,
			);
			sourceTree = "<group>";
		};
		7D06AAD71F688DDE0010A12B /* concurrency */ = {
			isa = PBXGroup;
			children = (
				7D06AAD61F688DDE0010A12B /* conveyor.h */,
				758A2FD982D31DD58A7C8857 /* conveyor_function.h */,
				758A2D87C91DEB591F9FC8E1 /* internal */,
			);
			name = concurrency;
			path = ../../lib/concurrency;
			sourceTree = "<group>";
		};
/* End PBXGroup section */

/* Begin PBXProject section */
		7D06AAD01F688DD10010A12B /* Project object */ = {
			isa = PBXProject;
			attributes = {
				LastUpgradeCheck = 0730;
			};
			buildConfigurationList = 7D06AAD31F688DD10010A12B /* Build configuration list for PBXProject "jstl" */;
			compatibilityVersion = "Xcode 3.2";
			developmentRegion = English;
			hasScannedForEncodings = 0;
			knownRegions = (
				en,
			);
			mainGroup = 7D06AACF1F688DD10010A12B;
			projectDirPath = "";
			projectRoot = "";
			targets = (
			);
		};
/* End PBXProject section */

/* Begin XCBuildConfiguration section */
		7D06AAD41F688DD10010A12B /* Debug */ = {
			isa = XCBuildConfiguration;
			buildSettings = {
			};
			name = Debug;
		};
		7D06AAD51F688DD10010A12B /* Release */ = {
			isa = XCBuildConfiguration;
			buildSettings = {
			};
			name = Release;
		};
/* End XCBuildConfiguration section */

/* Begin XCConfigurationList section */
		7D06AAD31F688DD10010A12B /* Build configuration list for PBXProject "jstl" */ = {
			isa = XCConfigurationList;
			buildConfigurations = (
				7D06AAD41F688DD10010A12B /* Debug */,
				7D06AAD51F688DD10010A12B /* Release */,
			);
			defaultConfigurationIsVisible = 0;
			defaultConfigurationName = Release;
		};
/* End XCConfigurationList section */
	};
	rootObject = 7D06AAD01F688DD10010A12B /* Project object */;
}
