// !$*UTF8*$!
{
	archiveVersion = 1;
	classes = {
	};
	objectVersion = 46;
	objects = {

/* Begin PBXFileReference section */
		7D7EC44F1F63450D005CE678 /* concurrency */ = {isa = PBXFileReference; lastKnownFileType = folder; path = concurrency; sourceTree = "<group>"; };
/* End PBXFileReference section */

/* Begin PBXGroup section */
		7DAE29911F633C0F00F6D81D = {
			isa = PBXGroup;
			children = (
				7D7EC44F1F63450D005CE678 /* concurrency */,
			);
			sourceTree = "<group>";
		};
/* End PBXGroup section */

/* Begin PBXProject section */
		7DAE29921F633C0F00F6D81D /* Project object */ = {
			isa = PBXProject;
			attributes = {
				LastUpgradeCheck = 0730;
			};
			buildConfigurationList = 7DAE29951F633C0F00F6D81D /* Build configuration list for PBXProject "jstl" */;
			compatibilityVersion = "Xcode 3.2";
			developmentRegion = English;
			hasScannedForEncodings = 0;
			knownRegions = (
				en,
			);
			mainGroup = 7DAE29911F633C0F00F6D81D;
			projectDirPath = "";
			projectRoot = "";
			targets = (
			);
		};
/* End PBXProject section */

/* Begin XCBuildConfiguration section */
		7DAE29961F633C0F00F6D81D /* Debug */ = {
			isa = XCBuildConfiguration;
			buildSettings = {
			};
			name = Debug;
		};
		7DAE29971F633C0F00F6D81D /* Release */ = {
			isa = XCBuildConfiguration;
			buildSettings = {
			};
			name = Release;
		};
/* End XCBuildConfiguration section */

/* Begin XCConfigurationList section */
		7DAE29951F633C0F00F6D81D /* Build configuration list for PBXProject "jstl" */ = {
			isa = XCConfigurationList;
			buildConfigurations = (
				7DAE29961F633C0F00F6D81D /* Debug */,
				7DAE29971F633C0F00F6D81D /* Release */,
			);
			defaultConfigurationIsVisible = 0;
			defaultConfigurationName = Release;
		};
/* End XCConfigurationList section */
	};
	rootObject = 7DAE29921F633C0F00F6D81D /* Project object */;
}
